
Microsoft Visual Studio Solution File, Format Version 12.00
# Visual Studio Version 16
VisualStudioVersion = 25.0.1705.4
MinimumVisualStudioVersion = 10.0.40219.1
Project("{FAE04EC0-301F-11D3-BF4B-00C04F79EFBC}") = "ASP.NET-demo", "ASP.NET-demo.csproj", "{6EDC2ACB-52CD-4A56-95A2-E5749BA53261}"
EndProject
Project("{E53339B2-1760-4266-BCC7-CA923CBCF16C}") = "docker-compose", "docker-compose.dcproj", "{0D9DE914-4AB8-47A2-96BF-62A28822B2B2}"
EndProject
Global
	GlobalSection(SolutionConfigurationPlatforms) = preSolution
		Debug|Any CPU = Debug|Any CPU
		Release|Any CPU = Release|Any CPU
	EndGlobalSection
	GlobalSection(ProjectConfigurationPlatforms) = postSolution
		{6EDC2ACB-52CD-4A56-95A2-E5749BA53261}.Debug|Any CPU.ActiveCfg = Debug|Any CPU
		{6EDC2ACB-52CD-4A56-95A2-E5749BA53261}.Debug|Any CPU.Build.0 = Debug|Any CPU
		{6EDC2ACB-52CD-4A56-95A2-E5749BA53261}.Release|Any CPU.ActiveCfg = Release|Any CPU
		{6EDC2ACB-52CD-4A56-95A2-E5749BA53261}.Release|Any CPU.Build.0 = Release|Any CPU
		{0D9DE914-4AB8-47A2-96BF-62A28822B2B2}.Debug|Any CPU.ActiveCfg = Debug|Any CPU
		{0D9DE914-4AB8-47A2-96BF-62A28822B2B2}.Debug|Any CPU.Build.0 = Debug|Any CPU
		{0D9DE914-4AB8-47A2-96BF-62A28822B2B2}.Release|Any CPU.ActiveCfg = Release|Any CPU
		{0D9DE914-4AB8-47A2-96BF-62A28822B2B2}.Release|Any CPU.Build.0 = Release|Any CPU
	EndGlobalSection
	GlobalSection(SolutionProperties) = preSolution
		HideSolutionNode = FALSE
	EndGlobalSection
	GlobalSection(ExtensibilityGlobals) = postSolution
		SolutionGuid = {12B62286-7AE0-45C0-B789-3161ACEBB1B2}
	EndGlobalSection
EndGlobal
